
Microsoft Visual Studio Solution File, Format Version 12.00
# Visual Studio Version 17
VisualStudioVersion = 17.7.34031.279
MinimumVisualStudioVersion = 10.0.40219.1
Project("{FAE04EC0-301F-11D3-BF4B-00C04F79EFBC}") = "ProgramASP", "ProgramASP\ProgramASP.csproj", "{21C51FCF-85E1-426D-85CC-FE327C2CB9FE}"
EndProject
Project("{FAE04EC0-301F-11D3-BF4B-00C04F79EFBC}") = "ModelsLibrary", "ModelsLibrary\ModelsLibrary.csproj", "{4550DDFB-BF8D-45E2-A76A-41FEB1339D38}"
EndProject
Project("{FAE04EC0-301F-11D3-BF4B-00C04F79EFBC}") = "InfoStruct", "InfoStruct\InfoStruct.csproj", "{661DD3F5-B4EC-482C-9ED0-C13F463ABDB8}"
EndProject
Global
	GlobalSection(SolutionConfigurationPlatforms) = preSolution
		Debug|Any CPU = Debug|Any CPU
		Release|Any CPU = Release|Any CPU
	EndGlobalSection
	GlobalSection(ProjectConfigurationPlatforms) = postSolution
		{21C51FCF-85E1-426D-85CC-FE327C2CB9FE}.Debug|Any CPU.ActiveCfg = Debug|Any CPU
		{21C51FCF-85E1-426D-85CC-FE327C2CB9FE}.Debug|Any CPU.Build.0 = Debug|Any CPU
		{21C51FCF-85E1-426D-85CC-FE327C2CB9FE}.Release|Any CPU.ActiveCfg = Release|Any CPU
		{21C51FCF-85E1-426D-85CC-FE327C2CB9FE}.Release|Any CPU.Build.0 = Release|Any CPU
		{4550DDFB-BF8D-45E2-A76A-41FEB1339D38}.Debug|Any CPU.ActiveCfg = Debug|Any CPU
		{4550DDFB-BF8D-45E2-A76A-41FEB1339D38}.Debug|Any CPU.Build.0 = Debug|Any CPU
		{4550DDFB-BF8D-45E2-A76A-41FEB1339D38}.Release|Any CPU.ActiveCfg = Release|Any CPU
		{4550DDFB-BF8D-45E2-A76A-41FEB1339D38}.Release|Any CPU.Build.0 = Release|Any CPU
		{661DD3F5-B4EC-482C-9ED0-C13F463ABDB8}.Debug|Any CPU.ActiveCfg = Debug|Any CPU
		{661DD3F5-B4EC-482C-9ED0-C13F463ABDB8}.Debug|Any CPU.Build.0 = Debug|Any CPU
		{661DD3F5-B4EC-482C-9ED0-C13F463ABDB8}.Release|Any CPU.ActiveCfg = Release|Any CPU
		{661DD3F5-B4EC-482C-9ED0-C13F463ABDB8}.Release|Any CPU.Build.0 = Release|Any CPU
	EndGlobalSection
	GlobalSection(SolutionProperties) = preSolution
		HideSolutionNode = FALSE
	EndGlobalSection
	GlobalSection(ExtensibilityGlobals) = postSolution
		SolutionGuid = {0611C945-4EA4-4B65-BAF6-3E12FC472949}
	EndGlobalSection
EndGlobal
