
Microsoft Visual Studio Solution File, Format Version 12.00
# Visual Studio Version 17
VisualStudioVersion = 17.7.34031.279
MinimumVisualStudioVersion = 10.0.40219.1
Project("{9A19103F-16F7-4668-BE54-9A1E7A4F7556}") = "ProgramLab3", "ProgramLab3\ProgramLab3.csproj", "{49F4B364-7313-46E3-8961-EC7C944F713F}"
EndProject
Project("{9A19103F-16F7-4668-BE54-9A1E7A4F7556}") = "InfoStruct", "InfoStruct\InfoStruct.csproj", "{7958CE33-0A49-4251-BDC6-D64A29C2A895}"
EndProject
Project("{FAE04EC0-301F-11D3-BF4B-00C04F79EFBC}") = "LibraryModel", "LibraryModel\LibraryModel.csproj", "{316A70FF-C87F-4BC3-B875-E3EB875C6977}"
EndProject
Global
	GlobalSection(SolutionConfigurationPlatforms) = preSolution
		Debug|Any CPU = Debug|Any CPU
		Release|Any CPU = Release|Any CPU
	EndGlobalSection
	GlobalSection(ProjectConfigurationPlatforms) = postSolution
		{49F4B364-7313-46E3-8961-EC7C944F713F}.Debug|Any CPU.ActiveCfg = Debug|Any CPU
		{49F4B364-7313-46E3-8961-EC7C944F713F}.Debug|Any CPU.Build.0 = Debug|Any CPU
		{49F4B364-7313-46E3-8961-EC7C944F713F}.Release|Any CPU.ActiveCfg = Release|Any CPU
		{49F4B364-7313-46E3-8961-EC7C944F713F}.Release|Any CPU.Build.0 = Release|Any CPU
		{7958CE33-0A49-4251-BDC6-D64A29C2A895}.Debug|Any CPU.ActiveCfg = Debug|Any CPU
		{7958CE33-0A49-4251-BDC6-D64A29C2A895}.Debug|Any CPU.Build.0 = Debug|Any CPU
		{7958CE33-0A49-4251-BDC6-D64A29C2A895}.Release|Any CPU.ActiveCfg = Release|Any CPU
		{7958CE33-0A49-4251-BDC6-D64A29C2A895}.Release|Any CPU.Build.0 = Release|Any CPU
		{316A70FF-C87F-4BC3-B875-E3EB875C6977}.Debug|Any CPU.ActiveCfg = Debug|Any CPU
		{316A70FF-C87F-4BC3-B875-E3EB875C6977}.Debug|Any CPU.Build.0 = Debug|Any CPU
		{316A70FF-C87F-4BC3-B875-E3EB875C6977}.Release|Any CPU.ActiveCfg = Release|Any CPU
		{316A70FF-C87F-4BC3-B875-E3EB875C6977}.Release|Any CPU.Build.0 = Release|Any CPU
	EndGlobalSection
	GlobalSection(SolutionProperties) = preSolution
		HideSolutionNode = FALSE
	EndGlobalSection
	GlobalSection(ExtensibilityGlobals) = postSolution
		SolutionGuid = {0611C945-4EA4-4B65-BAF6-3E12FC472949}
	EndGlobalSection
EndGlobal
